// !$*UTF8*$!
{
	archiveVersion = 1;
	classes = {
	};
	objectVersion = 46;
	objects = {

/* Begin PBXBuildFile section */
		FEA004EA1DC9A2A100045CD8 /* AppDelegate.swift in Sources */ = {isa = PBXBuildFile; fileRef = FEA004E91DC9A2A100045CD8 /* AppDelegate.swift */; };
		FEA004EC1DC9A2A100045CD8 /* ViewController.swift in Sources */ = {isa = PBXBuildFile; fileRef = FEA004EB1DC9A2A100045CD8 /* ViewController.swift */; };
		FEA004EF1DC9A2A100045CD8 /* Main.storyboard in Resources */ = {isa = PBXBuildFile; fileRef = FEA004ED1DC9A2A100045CD8 /* Main.storyboard */; };
		FEA004F11DC9A2A100045CD8 /* Assets.xcassets in Resources */ = {isa = PBXBuildFile; fileRef = FEA004F01DC9A2A100045CD8 /* Assets.xcassets */; };
		FEA004F41DC9A2A100045CD8 /* LaunchScreen.storyboard in Resources */ = {isa = PBXBuildFile; fileRef = FEA004F21DC9A2A100045CD8 /* LaunchScreen.storyboard */; };
		FEA004FC1DC9B43900045CD8 /* Minecraft.ttf in Resources */ = {isa = PBXBuildFile; fileRef = FEA004FB1DC9B43900045CD8 /* Minecraft.ttf */; };
/* End PBXBuildFile section */

/* Begin PBXFileReference section */
		FEA004E61DC9A2A100045CD8 /* BasicCalculator.app */ = {isa = PBXFileReference; explicitFileType = wrapper.application; includeInIndex = 0; path = BasicCalculator.app; sourceTree = BUILT_PRODUCTS_DIR; };
		FEA004E91DC9A2A100045CD8 /* AppDelegate.swift */ = {isa = PBXFileReference; lastKnownFileType = sourcecode.swift; path = AppDelegate.swift; sourceTree = "<group>"; };
		FEA004EB1DC9A2A100045CD8 /* ViewController.swift */ = {isa = PBXFileReference; lastKnownFileType = sourcecode.swift; path = ViewController.swift; sourceTree = "<group>"; };
		FEA004EE1DC9A2A100045CD8 /* Base */ = {isa = PBXFileReference; lastKnownFileType = file.storyboard; name = Base; path = Base.lproj/Main.storyboard; sourceTree = "<group>"; };
		FEA004F01DC9A2A100045CD8 /* Assets.xcassets */ = {isa = PBXFileReference; lastKnownFileType = folder.assetcatalog; path = Assets.xcassets; sourceTree = "<group>"; };
		FEA004F31DC9A2A100045CD8 /* Base */ = {isa = PBXFileReference; lastKnownFileType = file.storyboard; name = Base; path = Base.lproj/LaunchScreen.storyboard; sourceTree = "<group>"; };
		FEA004F51DC9A2A100045CD8 /* Info.plist */ = {isa = PBXFileReference; lastKnownFileType = text.plist.xml; path = Info.plist; sourceTree = "<group>"; };
		FEA004FB1DC9B43900045CD8 /* Minecraft.ttf */ = {isa = PBXFileReference; lastKnownFileType = file; path = Minecraft.ttf; sourceTree = "<group>"; };
/* End PBXFileReference section */

/* Begin PBXFrameworksBuildPhase section */
		FEA004E31DC9A2A100045CD8 /* Frameworks */ = {
			isa = PBXFrameworksBuildPhase;
			buildActionMask = 2147483647;
			files = (
			);
			runOnlyForDeploymentPostprocessing = 0;
		};
/* End PBXFrameworksBuildPhase section */

/* Begin PBXGroup section */
		FEA004DD1DC9A2A100045CD8 = {
			isa = PBXGroup;
			children = (
				FEA004E81DC9A2A100045CD8 /* BasicCalculator */,
				FEA004E71DC9A2A100045CD8 /* Products */,
			);
			sourceTree = "<group>";
		};
		FEA004E71DC9A2A100045CD8 /* Products */ = {
			isa = PBXGroup;
			children = (
				FEA004E61DC9A2A100045CD8 /* BasicCalculator.app */,
			);
			name = Products;
			sourceTree = "<group>";
		};
		FEA004E81DC9A2A100045CD8 /* BasicCalculator */ = {
			isa = PBXGroup;
			children = (
				FEA004FB1DC9B43900045CD8 /* Minecraft.ttf */,
				FEA004E91DC9A2A100045CD8 /* AppDelegate.swift */,
				FEA004EB1DC9A2A100045CD8 /* ViewController.swift */,
				FEA004ED1DC9A2A100045CD8 /* Main.storyboard */,
				FEA004F01DC9A2A100045CD8 /* Assets.xcassets */,
				FEA004F21DC9A2A100045CD8 /* LaunchScreen.storyboard */,
				FEA004F51DC9A2A100045CD8 /* Info.plist */,
			);
			path = BasicCalculator;
			sourceTree = "<group>";
		};
/* End PBXGroup section */

/* Begin PBXNativeTarget section */
		FEA004E51DC9A2A100045CD8 /* BasicCalculator */ = {
			isa = PBXNativeTarget;
			buildConfigurationList = FEA004F81DC9A2A100045CD8 /* Build configuration list for PBXNativeTarget "BasicCalculator" */;
			buildPhases = (
				FEA004E21DC9A2A100045CD8 /* Sources */,
				FEA004E31DC9A2A100045CD8 /* Frameworks */,
				FEA004E41DC9A2A100045CD8 /* Resources */,
			);
			buildRules = (
			);
			dependencies = (
			);
			name = BasicCalculator;
			productName = BasicCalculator;
			productReference = FEA004E61DC9A2A100045CD8 /* BasicCalculator.app */;
			productType = "com.apple.product-type.application";
		};
/* End PBXNativeTarget section */

/* Begin PBXProject section */
		FEA004DE1DC9A2A100045CD8 /* Project object */ = {
			isa = PBXProject;
			attributes = {
				LastSwiftUpdateCheck = 0810;
				LastUpgradeCheck = 0810;
				ORGANIZATIONNAME = PomHaffs;
				TargetAttributes = {
					FEA004E51DC9A2A100045CD8 = {
						CreatedOnToolsVersion = 8.1;
						DevelopmentTeam = KDG44MVL2D;
						ProvisioningStyle = Automatic;
					};
				};
			};
			buildConfigurationList = FEA004E11DC9A2A100045CD8 /* Build configuration list for PBXProject "BasicCalculator" */;
			compatibilityVersion = "Xcode 3.2";
			developmentRegion = English;
			hasScannedForEncodings = 0;
			knownRegions = (
				en,
				Base,
			);
			mainGroup = FEA004DD1DC9A2A100045CD8;
			productRefGroup = FEA004E71DC9A2A100045CD8 /* Products */;
			projectDirPath = "";
			projectRoot = "";
			targets = (
				FEA004E51DC9A2A100045CD8 /* BasicCalculator */,
			);
		};
/* End PBXProject section */

/* Begin PBXResourcesBuildPhase section */
		FEA004E41DC9A2A100045CD8 /* Resources */ = {
			isa = PBXResourcesBuildPhase;
			buildActionMask = 2147483647;
			files = (
				FEA004F41DC9A2A100045CD8 /* LaunchScreen.storyboard in Resources */,
				FEA004F11DC9A2A100045CD8 /* Assets.xcassets in Resources */,
				FEA004FC1DC9B43900045CD8 /* Minecraft.ttf in Resources */,
				FEA004EF1DC9A2A100045CD8 /* Main.storyboard in Resources */,
			);
			runOnlyForDeploymentPostprocessing = 0;
		};
/* End PBXResourcesBuildPhase section */

/* Begin PBXSourcesBuildPhase section */
		FEA004E21DC9A2A100045CD8 /* Sources */ = {
			isa = PBXSourcesBuildPhase;
			buildActionMask = 2147483647;
			files = (
				FEA004EC1DC9A2A100045CD8 /* ViewController.swift in Sources */,
				FEA004EA1DC9A2A100045CD8 /* AppDelegate.swift in Sources */,
			);
			runOnlyForDeploymentPostprocessing = 0;
		};
/* End PBXSourcesBuildPhase section */

/* Begin PBXVariantGroup section */
		FEA004ED1DC9A2A100045CD8 /* Main.storyboard */ = {
			isa = PBXVariantGroup;
			children = (
				FEA004EE1DC9A2A100045CD8 /* Base */,
			);
			name = Main.storyboard;
			sourceTree = "<group>";
		};
		FEA004F21DC9A2A100045CD8 /* LaunchScreen.storyboard */ = {
			isa = PBXVariantGroup;
			children = (
				FEA004F31DC9A2A100045CD8 /* Base */,
			);
			name = LaunchScreen.storyboard;
			sourceTree = "<group>";
		};
/* End PBXVariantGroup section */

/* Begin XCBuildConfiguration section */
		FEA004F61DC9A2A100045CD8 /* Debug */ = {
			isa = XCBuildConfiguration;
			buildSettings = {
				ALWAYS_SEARCH_USER_PATHS = NO;
				CLANG_ANALYZER_NONNULL = YES;
				CLANG_CXX_LANGUAGE_STANDARD = "gnu++0x";
				CLANG_CXX_LIBRARY = "libc++";
				CLANG_ENABLE_MODULES = YES;
				CLANG_ENABLE_OBJC_ARC = YES;
				CLANG_WARN_BOOL_CONVERSION = YES;
				CLANG_WARN_CONSTANT_CONVERSION = YES;
				CLANG_WARN_DIRECT_OBJC_ISA_USAGE = YES_ERROR;
				CLANG_WARN_DOCUMENTATION_COMMENTS = YES;
				CLANG_WARN_EMPTY_BODY = YES;
				CLANG_WARN_ENUM_CONVERSION = YES;
				CLANG_WARN_INFINITE_RECURSION = YES;
				CLANG_WARN_INT_CONVERSION = YES;
				CLANG_WARN_OBJC_ROOT_CLASS = YES_ERROR;
				CLANG_WARN_SUSPICIOUS_MOVES = YES;
				CLANG_WARN_UNREACHABLE_CODE = YES;
				CLANG_WARN__DUPLICATE_METHOD_MATCH = YES;
				"CODE_SIGN_IDENTITY[sdk=iphoneos*]" = "iPhone Developer";
				COPY_PHASE_STRIP = NO;
				DEBUG_INFORMATION_FORMAT = dwarf;
				ENABLE_STRICT_OBJC_MSGSEND = YES;
				ENABLE_TESTABILITY = YES;
				GCC_C_LANGUAGE_STANDARD = gnu99;
				GCC_DYNAMIC_NO_PIC = NO;
				GCC_NO_COMMON_BLOCKS = YES;
				GCC_OPTIMIZATION_LEVEL = 0;
				GCC_PREPROCESSOR_DEFINITIONS = (
					"DEBUG=1",
					"$(inherited)",
				);
				GCC_WARN_64_TO_32_BIT_CONVERSION = YES;
				GCC_WARN_ABOUT_RETURN_TYPE = YES_ERROR;
				GCC_WARN_UNDECLARED_SELECTOR = YES;
				GCC_WARN_UNINITIALIZED_AUTOS = YES_AGGRESSIVE;
				GCC_WARN_UNUSED_FUNCTION = YES;
				GCC_WARN_UNUSED_VARIABLE = YES;
				IPHONEOS_DEPLOYMENT_TARGET = 10.1;
				MTL_ENABLE_DEBUG_INFO = YES;
				ONLY_ACTIVE_ARCH = YES;
				SDKROOT = iphoneos;
				SWIFT_ACTIVE_COMPILATION_CONDITIONS = DEBUG;
				SWIFT_OPTIMIZATION_LEVEL = "-Onone";
				TARGETED_DEVICE_FAMILY = "1,2";
			};
			name = Debug;
		};
		FEA004F71DC9A2A100045CD8 /* Release */ = {
			isa = XCBuildConfiguration;
			buildSettings = {
				ALWAYS_SEARCH_USER_PATHS = NO;
				CLANG_ANALYZER_NONNULL = YES;
				CLANG_CXX_LANGUAGE_STANDARD = "gnu++0x";
				CLANG_CXX_LIBRARY = "libc++";
				CLANG_ENABLE_MODULES = YES;
				CLANG_ENABLE_OBJC_ARC = YES;
				CLANG_WARN_BOOL_CONVERSION = YES;
				CLANG_WARN_CONSTANT_CONVERSION = YES;
				CLANG_WARN_DIRECT_OBJC_ISA_USAGE = YES_ERROR;
				CLANG_WARN_DOCUMENTATION_COMMENTS = YES;
				CLANG_WARN_EMPTY_BODY = YES;
				CLANG_WARN_ENUM_CONVERSION = YES;
				CLANG_WARN_INFINITE_RECURSION = YES;
				CLANG_WARN_INT_CONVERSION = YES;
				CLANG_WARN_OBJC_ROOT_CLASS = YES_ERROR;
				CLANG_WARN_SUSPICIOUS_MOVES = YES;
				CLANG_WARN_UNREACHABLE_CODE = YES;
				CLANG_WARN__DUPLICATE_METHOD_MATCH = YES;
				"CODE_SIGN_IDENTITY[sdk=iphoneos*]" = "iPhone Developer";
				COPY_PHASE_STRIP = NO;
				DEBUG_INFORMATION_FORMAT = "dwarf-with-dsym";
				ENABLE_NS_ASSERTIONS = NO;
				ENABLE_STRICT_OBJC_MSGSEND = YES;
				GCC_C_LANGUAGE_STANDARD = gnu99;
				GCC_NO_COMMON_BLOCKS = YES;
				GCC_WARN_64_TO_32_BIT_CONVERSION = YES;
				GCC_WARN_ABOUT_RETURN_TYPE = YES_ERROR;
				GCC_WARN_UNDECLARED_SELECTOR = YES;
				GCC_WARN_UNINITIALIZED_AUTOS = YES_AGGRESSIVE;
				GCC_WARN_UNUSED_FUNCTION = YES;
				GCC_WARN_UNUSED_VARIABLE = YES;
				IPHONEOS_DEPLOYMENT_TARGET = 10.1;
				MTL_ENABLE_DEBUG_INFO = NO;
				SDKROOT = iphoneos;
				SWIFT_OPTIMIZATION_LEVEL = "-Owholemodule";
				TARGETED_DEVICE_FAMILY = "1,2";
				VALIDATE_PRODUCT = YES;
			};
			name = Release;
		};
		FEA004F91DC9A2A100045CD8 /* Debug */ = {
			isa = XCBuildConfiguration;
			buildSettings = {
				ASSETCATALOG_COMPILER_APPICON_NAME = AppIcon;
				DEVELOPMENT_TEAM = KDG44MVL2D;
				INFOPLIST_FILE = BasicCalculator/Info.plist;
				LD_RUNPATH_SEARCH_PATHS = "$(inherited) @executable_path/Frameworks";
				PRODUCT_BUNDLE_IDENTIFIER = PomHaffs.BasicCalculator;
				PRODUCT_NAME = "$(TARGET_NAME)";
				SWIFT_VERSION = 3.0;
			};
			name = Debug;
		};
		FEA004FA1DC9A2A100045CD8 /* Release */ = {
			isa = XCBuildConfiguration;
			buildSettings = {
				ASSETCATALOG_COMPILER_APPICON_NAME = AppIcon;
				DEVELOPMENT_TEAM = KDG44MVL2D;
				INFOPLIST_FILE = BasicCalculator/Info.plist;
				LD_RUNPATH_SEARCH_PATHS = "$(inherited) @executable_path/Frameworks";
				PRODUCT_BUNDLE_IDENTIFIER = PomHaffs.BasicCalculator;
				PRODUCT_NAME = "$(TARGET_NAME)";
				SWIFT_VERSION = 3.0;
			};
			name = Release;
		};
/* End XCBuildConfiguration section */

/* Begin XCConfigurationList section */
		FEA004E11DC9A2A100045CD8 /* Build configuration list for PBXProject "BasicCalculator" */ = {
			isa = XCConfigurationList;
			buildConfigurations = (
				FEA004F61DC9A2A100045CD8 /* Debug */,
				FEA004F71DC9A2A100045CD8 /* Release */,
			);
			defaultConfigurationIsVisible = 0;
			defaultConfigurationName = Release;
		};
		FEA004F81DC9A2A100045CD8 /* Build configuration list for PBXNativeTarget "BasicCalculator" */ = {
			isa = XCConfigurationList;
			buildConfigurations = (
				FEA004F91DC9A2A100045CD8 /* Debug */,
				FEA004FA1DC9A2A100045CD8 /* Release */,
			);
			defaultConfigurationIsVisible = 0;
		};
/* End XCConfigurationList section */
	};
	rootObject = FEA004DE1DC9A2A100045CD8 /* Project object */;
}
